
Microsoft Visual Studio Solution File, Format Version 12.00
# Visual Studio Version 17
VisualStudioVersion = 17.12.35707.178 d17.12
MinimumVisualStudioVersion = 10.0.40219.1
Project("{FAE04EC0-301F-11D3-BF4B-00C04F79EFBC}") = "Reserva.Web", "Reserva.Web\Reserva.Web.csproj", "{57E4E9DD-DF06-485E-8554-33A578626FD6}"
EndProject
Project("{FAE04EC0-301F-11D3-BF4B-00C04F79EFBC}") = "Reserva.Application", "Reserva.Application\Reserva.Application.csproj", "{6A078DC1-49BA-4EAB-B312-3848D536BCC3}"
EndProject
Project("{FAE04EC0-301F-11D3-BF4B-00C04F79EFBC}") = "Reserva.Infraestructure", "Reserva.Infraestructure\Reserva.Infraestructure.csproj", "{73BD03D7-1055-4697-B3F6-DCE658109C13}"
EndProject
Global
	GlobalSection(SolutionConfigurationPlatforms) = preSolution
		Debug|Any CPU = Debug|Any CPU
		Release|Any CPU = Release|Any CPU
	EndGlobalSection
	GlobalSection(ProjectConfigurationPlatforms) = postSolution
		{57E4E9DD-DF06-485E-8554-33A578626FD6}.Debug|Any CPU.ActiveCfg = Debug|Any CPU
		{57E4E9DD-DF06-485E-8554-33A578626FD6}.Debug|Any CPU.Build.0 = Debug|Any CPU
		{57E4E9DD-DF06-485E-8554-33A578626FD6}.Release|Any CPU.ActiveCfg = Release|Any CPU
		{57E4E9DD-DF06-485E-8554-33A578626FD6}.Release|Any CPU.Build.0 = Release|Any CPU
		{6A078DC1-49BA-4EAB-B312-3848D536BCC3}.Debug|Any CPU.ActiveCfg = Debug|Any CPU
		{6A078DC1-49BA-4EAB-B312-3848D536BCC3}.Debug|Any CPU.Build.0 = Debug|Any CPU
		{6A078DC1-49BA-4EAB-B312-3848D536BCC3}.Release|Any CPU.ActiveCfg = Release|Any CPU
		{6A078DC1-49BA-4EAB-B312-3848D536BCC3}.Release|Any CPU.Build.0 = Release|Any CPU
		{73BD03D7-1055-4697-B3F6-DCE658109C13}.Debug|Any CPU.ActiveCfg = Debug|Any CPU
		{73BD03D7-1055-4697-B3F6-DCE658109C13}.Debug|Any CPU.Build.0 = Debug|Any CPU
		{73BD03D7-1055-4697-B3F6-DCE658109C13}.Release|Any CPU.ActiveCfg = Release|Any CPU
		{73BD03D7-1055-4697-B3F6-DCE658109C13}.Release|Any CPU.Build.0 = Release|Any CPU
	EndGlobalSection
	GlobalSection(SolutionProperties) = preSolution
		HideSolutionNode = FALSE
	EndGlobalSection
EndGlobal
